<?xml version="1.0" encoding="utf-8"?>
<Project ToolsVersion="4.0" xmlns="http://schemas.microsoft.com/developer/msbuild/2003">
  <ItemGroup>
    <ClCompile Include="CubeRenderSystem.cpp" />
    <ClCompile Include="CubeSpawnerSystem.cpp" />
    <ClCompile Include="GameObjectManager.cpp" />
    <ClCompile Include="Global.cpp" />
    <ClCompile Include="HFEngine.cpp" />
    <ClCompile Include="LifeTimeSystem.cpp" />
    <ClCompile Include="Material.cpp" />
    <ClCompile Include="MaterialManager.cpp" />
    <ClCompile Include="PhysicsSystem.cpp" />
    <ClCompile Include="MeshFileLoader.cpp" />
    <ClCompile Include="ModelManager.cpp" />
    <ClCompile Include="PrimitiveRenderer.cpp" />
    <ClCompile Include="glad.c" />
    <ClCompile Include="Logger.cpp" />
    <ClCompile Include="main.cpp" />
    <ClCompile Include="ShaderManager.cpp" />
    <ClCompile Include="TextureManager.cpp" />
    <ClCompile Include="Utility.cpp" />
    <ClCompile Include="WindowManager.cpp" />
    <ClCompile Include="_NvOptimus.cpp" />
    <ClCompile Include="_stb_image.cpp" />
    <ClCompile Include="FrameBuffer.cpp" />
    <ClCompile Include="RenderPipeline.cpp" />
  </ItemGroup>
  <ItemGroup>
    <ClInclude Include="ComponentArray.h" />
    <ClInclude Include="ComponentManager.h" />
    <ClInclude Include="CubeRenderer.h" />
    <ClInclude Include="CubeRenderSystem.h" />
    <ClInclude Include="CubeSpawner.h" />
    <ClInclude Include="CubeSpawnerSystem.h" />
    <ClInclude Include="ECSCore.h" />
    <ClInclude Include="ECSTypes.h" />
    <ClInclude Include="GameObjectManager.h" />
    <ClInclude Include="Global.h" />
    <ClInclude Include="Gravity.h" />
    <ClInclude Include="HFEngine.h" />
    <ClInclude Include="LifeTime.h" />
    <ClInclude Include="LifeTimeSystem.h" />
    <ClInclude Include="Material.h" />
    <ClInclude Include="MaterialManager.h" />
    <ClInclude Include="PhysicsSystem.h" />
    <ClInclude Include="Mesh.h" />
    <ClInclude Include="MeshFileLoader.h" />
    <ClInclude Include="Model.h" />
    <ClInclude Include="ModelManager.h" />
    <ClInclude Include="PrimitiveRenderer.h" />
    <ClInclude Include="Logger.h" />
    <ClInclude Include="RigidBody.h" />
    <ClInclude Include="Shader.h" />
    <ClInclude Include="ShaderManager.h" />
    <ClInclude Include="System.h" />
    <ClInclude Include="SystemManager.h" />
    <ClInclude Include="SystemRender.h" />
    <ClInclude Include="SystemUpdate.h" />
    <ClInclude Include="Texture.h" />
    <ClInclude Include="TextureManager.h" />
    <ClInclude Include="Transform.h" />
    <ClInclude Include="Utility.h" />
    <ClInclude Include="WindowManager.h" />
    <ClInclude Include="FrameBuffer.h" />
    <ClInclude Include="RenderPipeline.h" />
  </ItemGroup>
</Project>