<?xml version="1.0" encoding="utf-8"?>
<Project ToolsVersion="4.0" xmlns="http://schemas.microsoft.com/developer/msbuild/2003">
  <ItemGroup>
    <ClCompile Include="Global.cpp" />
    <ClCompile Include="HFEngine.cpp" />
    <ClCompile Include="Material.cpp" />
    <ClCompile Include="MaterialManager.cpp" />
    <ClCompile Include="MeshFileLoader.cpp" />
    <ClCompile Include="ModelManager.cpp" />
    <ClCompile Include="PrimitiveRenderer.cpp" />
    <ClCompile Include="glad.c" />
    <ClCompile Include="Logger.cpp" />
    <ClCompile Include="main.cpp" />
    <ClCompile Include="ShaderManager.cpp" />
    <ClCompile Include="TextureManager.cpp" />
    <ClCompile Include="Utility.cpp" />
    <ClCompile Include="WindowManager.cpp" />
    <ClCompile Include="_NvOptimus.cpp" />
    <ClCompile Include="_stb_image.cpp" />
    <ClCompile Include="FrameBuffer.cpp" />
    <ClCompile Include="RenderPipeline.cpp" />
    <ClCompile Include="ECS\GameObjectManager.cpp" />
    <ClCompile Include="ECS\Systems\CubeRenderSystem.cpp" />
    <ClCompile Include="ECS\Systems\CubeSpawnerSystem.cpp" />
    <ClCompile Include="ECS\Systems\LifeTimeSystem.cpp" />
    <ClCompile Include="ECS\Systems\MeshRendererSystem.cpp" />
    <ClCompile Include="ECS\Systems\PhysicsSystem.cpp" />
  </ItemGroup>
  <ItemGroup>
    <ClInclude Include="Global.h" />
    <ClInclude Include="HFEngine.h" />
    <ClInclude Include="Material.h" />
    <ClInclude Include="MaterialManager.h" />
    <ClInclude Include="Mesh.h" />
    <ClInclude Include="MeshFileLoader.h" />
    <ClInclude Include="Model.h" />
    <ClInclude Include="ModelManager.h" />
    <ClInclude Include="PrimitiveRenderer.h" />
    <ClInclude Include="Logger.h" />
    <ClInclude Include="Shader.h" />
    <ClInclude Include="ShaderManager.h" />
    <ClInclude Include="Texture.h" />
    <ClInclude Include="TextureManager.h" />
    <ClInclude Include="Utility.h" />
    <ClInclude Include="WindowManager.h" />
    <ClInclude Include="FrameBuffer.h" />
    <ClInclude Include="RenderPipeline.h" />
    <ClInclude Include="ECS\ComponentArray.h" />
    <ClInclude Include="ECS\ComponentManager.h" />
    <ClInclude Include="ECS\Components.h" />
    <ClInclude Include="ECS\ECSCore.h" />
    <ClInclude Include="ECS\ECSTypes.h" />
    <ClInclude Include="ECS\GameObjectManager.h" />
    <ClInclude Include="ECS\System.h" />
    <ClInclude Include="ECS\SystemManager.h" />
    <ClInclude Include="ECS\SystemRender.h" />
    <ClInclude Include="ECS\Systems.h" />
    <ClInclude Include="ECS\SystemUpdate.h" />
    <ClInclude Include="ECS\Components\CubeRenderer.h" />
    <ClInclude Include="ECS\Components\CubeSpawner.h" />
    <ClInclude Include="ECS\Components\Gravity.h" />
    <ClInclude Include="ECS\Components\LifeTime.h" />
    <ClInclude Include="ECS\Components\MeshRenderer.h" />
    <ClInclude Include="ECS\Components\RigidBody.h" />
    <ClInclude Include="ECS\Components\Transform.h" />
    <ClInclude Include="ECS\Systems\CubeRenderSystem.h" />
    <ClInclude Include="ECS\Systems\CubeSpawnerSystem.h" />
    <ClInclude Include="ECS\Systems\LifeTimeSystem.h" />
    <ClInclude Include="ECS\Systems\MeshRendererSystem.h" />
    <ClInclude Include="ECS\Systems\PhysicsSystem.h" />
  </ItemGroup>
</Project>